<?xml version="1.0" encoding="utf-8"?>
<Project ToolsVersion="14.0" xmlns="http://schemas.microsoft.com/developer/msbuild/2003">
  <ItemGroup>
    <Filter Include="Common">
      <UniqueIdentifier>a38d2516-d6a5-4514-ac42-a62b4f05ed78</UniqueIdentifier>
    </Filter>
    <Filter Include="Assets">
      <UniqueIdentifier>0c79c8db-801e-4db0-9bdb-20e1d3621b76</UniqueIdentifier>
      <Extensions>bmp;fbx;gif;jpg;jpeg;tga;tiff;tif;png</Extensions>
    </Filter>
    <Filter Include="Strings">
      <UniqueIdentifier>{0f3258e3-86e7-48e6-9dea-c5a8a0fc28ae}</UniqueIdentifier>
    </Filter>
    <Filter Include="Strings\en-US">
      <UniqueIdentifier>{e3d19209-f2a4-413f-84a8-19acb89c4482}</UniqueIdentifier>
    </Filter>
    <Filter Include="Strings\ru-RU">
      <UniqueIdentifier>{3d37077f-a2ad-4aae-a6b2-07e56ea10970}</UniqueIdentifier>
    </Filter>
    <Filter Include="Composition">
      <UniqueIdentifier>{f3404698-9bb3-4972-9852-8e9174d56c29}</UniqueIdentifier>
    </Filter>
    <Filter Include="Idea">
      <UniqueIdentifier>{2e89ab52-cea9-4a1c-b577-a2486f8734ea}</UniqueIdentifier>
    </Filter>
    <Filter Include="Editors">
      <UniqueIdentifier>{2dad0d9b-55f7-4aca-882e-98886174e99b}</UniqueIdentifier>
    </Filter>
    <Filter Include="Other Pages">
      <UniqueIdentifier>{38ac8137-4a02-47c1-a1a2-fda4f4ad8b99}</UniqueIdentifier>
    </Filter>
    <Filter Include="Dialogs">
      <UniqueIdentifier>{fc7a100b-ecea-443b-a245-8767e429ea17}</UniqueIdentifier>
    </Filter>
  </ItemGroup>
  <ItemGroup>
    <ClCompile Include="App.xaml.cpp" />
    <ClCompile Include="pch.cpp" />
    <ClCompile Include="AboutPage.xaml.cpp" />
    <ClCompile Include="LibraryEntryPage.xaml.cpp" />
    <ClCompile Include="LibraryOverviewPage.xaml.cpp" />
    <ClCompile Include="MainMenuPage.xaml.cpp" />
    <ClCompile Include="MelodyEditorPage.xaml.cpp" />
    <ClCompile Include="sqlite3.c" />
    <ClCompile Include="CompositionEditorPage.xaml.cpp" />
    <ClCompile Include="CompositionOverviewPage.xaml.cpp" />
    <ClCompile Include="EditCompositionDialog.xaml.cpp" />
    <ClCompile Include="ManageInstrumentsDialog.xaml.cpp" />
    <ClCompile Include="SettingsPage.xaml.cpp" />
    <ClCompile Include="view\IdeaGrid.xaml.cpp" />
  </ItemGroup>
  <ItemGroup>
    <ClInclude Include="pch.h" />
    <ClInclude Include="App.xaml.h" />
    <ClInclude Include="AboutPage.xaml.h" />
    <ClInclude Include="LibraryEntryPage.xaml.h" />
    <ClInclude Include="LibraryOverviewPage.xaml.h" />
    <ClInclude Include="MainMenuPage.xaml.h" />
    <ClInclude Include="MelodyEditorPage.xaml.h" />
    <ClInclude Include="sqlite3.h" />
    <ClInclude Include="CompositionEditorPage.xaml.h" />
    <ClInclude Include="CompositionOverviewPage.xaml.h" />
    <ClInclude Include="EditCompositionDialog.xaml.h" />
    <ClInclude Include="resource.h" />
    <ClInclude Include="ManageInstrumentsDialog.xaml.h" />
    <ClInclude Include="SettingsPage.xaml.h" />
    <ClInclude Include="view\IdeaGrid.xaml.h" />
  </ItemGroup>
  <ItemGroup>
    <Image Include="Assets\LockScreenLogo.scale-200.png">
      <Filter>Assets</Filter>
    </Image>
    <Image Include="Assets\SplashScreen.scale-200.png">
      <Filter>Assets</Filter>
    </Image>
    <Image Include="Assets\Square150x150Logo.scale-200.png">
      <Filter>Assets</Filter>
    </Image>
    <Image Include="Assets\Square44x44Logo.scale-200.png">
      <Filter>Assets</Filter>
    </Image>
    <Image Include="Assets\Square44x44Logo.targetsize-24_altform-unplated.png">
      <Filter>Assets</Filter>
    </Image>
    <Image Include="Assets\Wide310x150Logo.scale-200.png">
      <Filter>Assets</Filter>
    </Image>
    <Image Include="Assets\SplashScreen.scale-100.png">
      <Filter>Assets</Filter>
    </Image>
    <Image Include="Assets\StoreLogo.scale-125.png">
      <Filter>Assets</Filter>
    </Image>
    <Image Include="Assets\StoreLogo.scale-100.png">
      <Filter>Assets</Filter>
    </Image>
    <Image Include="Assets\StoreLogo.scale-150.png">
      <Filter>Assets</Filter>
    </Image>
    <Image Include="Assets\StoreLogo.scale-200.png">
      <Filter>Assets</Filter>
    </Image>
  </ItemGroup>
  <ItemGroup>
    <AppxManifest Include="Package.appxmanifest" />
  </ItemGroup>
  <ItemGroup>
    <None Include="StrokeEditor_TemporaryKey.pfx" />
    <None Include="packages.config" />
  </ItemGroup>
  <ItemGroup>
    <Page Include="CompositionEditorPage.xaml">
      <Filter>Composition</Filter>
    </Page>
    <Page Include="CompositionOverviewPage.xaml">
      <Filter>Composition</Filter>
    </Page>
    <Page Include="AboutPage.xaml">
      <Filter>Other Pages</Filter>
    </Page>
    <Page Include="LibraryEntryPage.xaml">
      <Filter>Idea</Filter>
    </Page>
    <Page Include="LibraryOverviewPage.xaml">
      <Filter>Idea</Filter>
    </Page>
    <Page Include="MainMenuPage.xaml">
      <Filter>Other Pages</Filter>
    </Page>
    <Page Include="MelodyEditorPage.xaml">
      <Filter>Editors</Filter>
    </Page>
    <Page Include="SettingsPage.xaml">
      <Filter>Other Pages</Filter>
    </Page>
    <Page Include="EditCompositionDialog.xaml">
      <Filter>Dialogs</Filter>
    </Page>
    <Page Include="ManageInstrumentsDialog.xaml">
      <Filter>Dialogs</Filter>
    </Page>
    <Page Include="view\IdeaGrid.xaml">
      <Filter>Composition</Filter>
    </Page>
    <Page Include="dialogs\AddIdeaDialog.xaml">
      <Filter>Dialogs</Filter>
    </Page>
  </ItemGroup>
  <ItemGroup>
    <ResourceCompile Include="StrokeEditor.rc" />
  </ItemGroup>
  <ItemGroup>
    <PRIResource Include="Strings\en-US\Resources.resw">
      <Filter>Strings\en-US</Filter>
    </PRIResource>
    <PRIResource Include="Strings\ru-RU\Resources.resw">
      <Filter>Strings\ru-RU</Filter>
    </PRIResource>
  </ItemGroup>
  <ItemGroup>
    <ApplicationDefinition Include="App.xaml">
      <Filter>Other Pages</Filter>
    </ApplicationDefinition>
  </ItemGroup>
</Project>