<?xml version="1.0" encoding="utf-8"?>
<Project ToolsVersion="14.0" xmlns="http://schemas.microsoft.com/developer/msbuild/2003">
  <ItemGroup>
    <Filter Include="Common">
      <UniqueIdentifier>a38d2516-d6a5-4514-ac42-a62b4f05ed78</UniqueIdentifier>
    </Filter>
    <Filter Include="Assets">
      <UniqueIdentifier>0c79c8db-801e-4db0-9bdb-20e1d3621b76</UniqueIdentifier>
      <Extensions>bmp;fbx;gif;jpg;jpeg;tga;tiff;tif;png</Extensions>
    </Filter>
    <Filter Include="Strings">
      <UniqueIdentifier>{0f3258e3-86e7-48e6-9dea-c5a8a0fc28ae}</UniqueIdentifier>
    </Filter>
    <Filter Include="Strings\en-US">
      <UniqueIdentifier>{e3d19209-f2a4-413f-84a8-19acb89c4482}</UniqueIdentifier>
    </Filter>
    <Filter Include="Strings\ru-RU">
      <UniqueIdentifier>{3d37077f-a2ad-4aae-a6b2-07e56ea10970}</UniqueIdentifier>
    </Filter>
  </ItemGroup>
  <ItemGroup>
    <ApplicationDefinition Include="App.xaml" />
  </ItemGroup>
  <ItemGroup>
    <ClCompile Include="App.xaml.cpp" />
    <ClCompile Include="pch.cpp" />
    <ClCompile Include="AboutPage.xaml.cpp" />
    <ClCompile Include="LibraryEntryPage.xaml.cpp" />
    <ClCompile Include="LibraryOverviewPage.xaml.cpp" />
    <ClCompile Include="MainMenuPage.xaml.cpp" />
    <ClCompile Include="MelodyEditorPage.xaml.cpp" />
    <ClCompile Include="sqlite3.c" />
    <ClCompile Include="CompositionEditorPage.xaml.cpp" />
    <ClCompile Include="CompositionOverviewPage.xaml.cpp" />
    <ClCompile Include="EditCompositionDialog.xaml.cpp" />
  </ItemGroup>
  <ItemGroup>
    <ClInclude Include="pch.h" />
    <ClInclude Include="App.xaml.h" />
    <ClInclude Include="AboutPage.xaml.h" />
    <ClInclude Include="LibraryEntryPage.xaml.h" />
    <ClInclude Include="LibraryOverviewPage.xaml.h" />
    <ClInclude Include="MainMenuPage.xaml.h" />
    <ClInclude Include="MelodyEditorPage.xaml.h" />
    <ClInclude Include="sqlite3.h" />
    <ClInclude Include="CompositionEditorPage.xaml.h" />
    <ClInclude Include="CompositionOverviewPage.xaml.h" />
    <ClInclude Include="EditCompositionDialog.xaml.h" />
    <ClInclude Include="resource.h" />
  </ItemGroup>
  <ItemGroup>
    <Image Include="Assets\LockScreenLogo.scale-200.png">
      <Filter>Assets</Filter>
    </Image>
    <Image Include="Assets\SplashScreen.scale-200.png">
      <Filter>Assets</Filter>
    </Image>
    <Image Include="Assets\Square150x150Logo.scale-200.png">
      <Filter>Assets</Filter>
    </Image>
    <Image Include="Assets\Square44x44Logo.scale-200.png">
      <Filter>Assets</Filter>
    </Image>
    <Image Include="Assets\Square44x44Logo.targetsize-24_altform-unplated.png">
      <Filter>Assets</Filter>
    </Image>
    <Image Include="Assets\Wide310x150Logo.scale-200.png">
      <Filter>Assets</Filter>
    </Image>
    <Image Include="Assets\SplashScreen.scale-100.png">
      <Filter>Assets</Filter>
    </Image>
    <Image Include="Assets\StoreLogo.scale-125.png">
      <Filter>Assets</Filter>
    </Image>
    <Image Include="Assets\StoreLogo.scale-100.png">
      <Filter>Assets</Filter>
    </Image>
    <Image Include="Assets\StoreLogo.scale-150.png">
      <Filter>Assets</Filter>
    </Image>
    <Image Include="Assets\StoreLogo.scale-200.png">
      <Filter>Assets</Filter>
    </Image>
  </ItemGroup>
  <ItemGroup>
    <AppxManifest Include="Package.appxmanifest" />
  </ItemGroup>
  <ItemGroup>
    <None Include="StrokeEditor_TemporaryKey.pfx" />
    <None Include="packages.config" />
  </ItemGroup>
  <ItemGroup>
    <Page Include="MainMenuPage.xaml" />
    <Page Include="LibraryOverviewPage.xaml" />
    <Page Include="LibraryEntryPage.xaml" />
    <Page Include="MelodyEditorPage.xaml" />
    <Page Include="CompositionEditorPage.xaml" />
    <Page Include="CompositionOverviewPage.xaml" />
    <Page Include="EditCompositionDialog.xaml" />
    <Page Include="AboutPage.xaml" />
  </ItemGroup>
  <ItemGroup>
    <ResourceCompile Include="StrokeEditor.rc" />
  </ItemGroup>
  <ItemGroup>
    <PRIResource Include="Strings\en-US\Resources.resw">
      <Filter>Strings\en-US</Filter>
    </PRIResource>
    <PRIResource Include="Strings\ru-RU\Resources.resw">
      <Filter>Strings\ru-RU</Filter>
    </PRIResource>
  </ItemGroup>
</Project>